
Microsoft Visual Studio Solution File, Format Version 12.00
# Visual Studio Version 17
VisualStudioVersion = 17.5.002.0
MinimumVisualStudioVersion = 10.0.40219.1
Project("{9A19103F-16F7-4668-BE54-9A1E7A4F7556}") = "Laundry", "Laundry.csproj", "{B0942AA7-DC72-4916-8F44-D4E6B1D6513C}"
EndProject
Global
	GlobalSection(SolutionConfigurationPlatforms) = preSolution
		Debug|Any CPU = Debug|Any CPU
		Release|Any CPU = Release|Any CPU
	EndGlobalSection
	GlobalSection(ProjectConfigurationPlatforms) = postSolution
		{B0942AA7-DC72-4916-8F44-D4E6B1D6513C}.Debug|Any CPU.ActiveCfg = Debug|Any CPU
		{B0942AA7-DC72-4916-8F44-D4E6B1D6513C}.Debug|Any CPU.Build.0 = Debug|Any CPU
		{B0942AA7-DC72-4916-8F44-D4E6B1D6513C}.Release|Any CPU.ActiveCfg = Release|Any CPU
		{B0942AA7-DC72-4916-8F44-D4E6B1D6513C}.Release|Any CPU.Build.0 = Release|Any CPU
	EndGlobalSection
	GlobalSection(SolutionProperties) = preSolution
		HideSolutionNode = FALSE
	EndGlobalSection
	GlobalSection(ExtensibilityGlobals) = postSolution
		SolutionGuid = {B5C4EB0D-DE94-42A5-8323-1B19D19AF8AF}
	EndGlobalSection
EndGlobal
