
Microsoft Visual Studio Solution File, Format Version 12.00
# Visual Studio Version 17
VisualStudioVersion = 17.10.34916.146
MinimumVisualStudioVersion = 10.0.40219.1
Project("{9A19103F-16F7-4668-BE54-9A1E7A4F7556}") = "Canteen.API", "Services\Canteen\Canteen.API\Canteen.API.csproj", "{D2821298-01EA-40D7-AD61-A39BAD9568A4}"
EndProject
Project("{FAE04EC0-301F-11D3-BF4B-00C04F79EFBC}") = "Payment.API", "Services\Payment\Payment.API\Payment.API.csproj", "{21CA7C93-AC04-4803-A692-AE11DE8EED24}"
EndProject
Global
	GlobalSection(SolutionConfigurationPlatforms) = preSolution
		Debug|Any CPU = Debug|Any CPU
		Release|Any CPU = Release|Any CPU
	EndGlobalSection
	GlobalSection(ProjectConfigurationPlatforms) = postSolution
		{D2821298-01EA-40D7-AD61-A39BAD9568A4}.Debug|Any CPU.ActiveCfg = Debug|Any CPU
		{D2821298-01EA-40D7-AD61-A39BAD9568A4}.Debug|Any CPU.Build.0 = Debug|Any CPU
		{D2821298-01EA-40D7-AD61-A39BAD9568A4}.Release|Any CPU.ActiveCfg = Release|Any CPU
		{D2821298-01EA-40D7-AD61-A39BAD9568A4}.Release|Any CPU.Build.0 = Release|Any CPU
		{21CA7C93-AC04-4803-A692-AE11DE8EED24}.Debug|Any CPU.ActiveCfg = Debug|Any CPU
		{21CA7C93-AC04-4803-A692-AE11DE8EED24}.Debug|Any CPU.Build.0 = Debug|Any CPU
		{21CA7C93-AC04-4803-A692-AE11DE8EED24}.Release|Any CPU.ActiveCfg = Release|Any CPU
		{21CA7C93-AC04-4803-A692-AE11DE8EED24}.Release|Any CPU.Build.0 = Release|Any CPU
	EndGlobalSection
	GlobalSection(SolutionProperties) = preSolution
		HideSolutionNode = FALSE
	EndGlobalSection
	GlobalSection(ExtensibilityGlobals) = postSolution
		SolutionGuid = {C4E6E5A0-ED6E-46DE-BDD5-3207A287E026}
	EndGlobalSection
EndGlobal
